{
  "originHash" : "7be7ffbd0b0c3d6c54a0a595a0002a2f70dbfc0cf3fc0cd1b545e180f74fcbd5",
  "pins" : [
    {
      "identity" : "commander",
      "kind" : "remoteSourceControl",
      "location" : "https://github.com/steipete/Commander.git",
      "state" : {
        "revision" : "b9fb00564aa3229deeb48090801fec2c185951f4",
        "version" : "0.2.3"
      }
    },
    {
      "identity" : "swift-syntax",
      "kind" : "remoteSourceControl",
      "location" : "https://github.com/swiftlang/swift-syntax.git",
      "state" : {
        "revision" : "0687f71944021d616d34d922343dcef086855920",
        "version" : "600.0.1"
      }
    },
    {
      "identity" : "swift-testing",
      "kind" : "remoteSourceControl",
      "location" : "https://github.com/apple/swift-testing",
      "state" : {
        "revision" : "399f76dcd91e4c688ca2301fa24a8cc6d9927211",
        "version" : "0.99.0"
      }
    }
  ],
  "version" : 3
}
